
Microsoft Visual Studio Solution File, Format Version 12.00
# Visual Studio Version 17
VisualStudioVersion = 17.11.35327.3
MinimumVisualStudioVersion = 10.0.40219.1
Project("{FAE04EC0-301F-11D3-BF4B-00C04F79EFBC}") = "MEDICAL", "MEDICAL\MEDICAL.csproj", "{66A1992B-B677-406E-B312-01D50504A197}"
EndProject
Global
	GlobalSection(SolutionConfigurationPlatforms) = preSolution
		Debug|Any CPU = Debug|Any CPU
		Release|Any CPU = Release|Any CPU
	EndGlobalSection
	GlobalSection(ProjectConfigurationPlatforms) = postSolution
		{66A1992B-B677-406E-B312-01D50504A197}.Debug|Any CPU.ActiveCfg = Debug|Any CPU
		{66A1992B-B677-406E-B312-01D50504A197}.Debug|Any CPU.Build.0 = Debug|Any CPU
		{66A1992B-B677-406E-B312-01D50504A197}.Debug|Any CPU.Deploy.0 = Debug|Any CPU
		{66A1992B-B677-406E-B312-01D50504A197}.Release|Any CPU.ActiveCfg = Release|Any CPU
		{66A1992B-B677-406E-B312-01D50504A197}.Release|Any CPU.Build.0 = Release|Any CPU
		{66A1992B-B677-406E-B312-01D50504A197}.Release|Any CPU.Deploy.0 = Release|Any CPU
	EndGlobalSection
	GlobalSection(SolutionProperties) = preSolution
		HideSolutionNode = FALSE
	EndGlobalSection
	GlobalSection(ExtensibilityGlobals) = postSolution
		SolutionGuid = {9BC797D5-4661-422D-926E-7C07B7E84FA7}
	EndGlobalSection
EndGlobal
